
Microsoft Visual Studio Solution File, Format Version 12.00
# Visual Studio Version 17
VisualStudioVersion = 17.1.32414.318
MinimumVisualStudioVersion = 10.0.40219.1
Project("{FAE04EC0-301F-11D3-BF4B-00C04F79EFBC}") = "ReactSpa-Backend", "ReactSpa-Backend\ReactSpa-Backend.csproj", "{EEED9DDE-DBCC-4F32-9DF6-D581FBF62FA2}"
EndProject
Global
	GlobalSection(SolutionConfigurationPlatforms) = preSolution
		Debug|Any CPU = Debug|Any CPU
		Release|Any CPU = Release|Any CPU
	EndGlobalSection
	GlobalSection(ProjectConfigurationPlatforms) = postSolution
		{EEED9DDE-DBCC-4F32-9DF6-D581FBF62FA2}.Debug|Any CPU.ActiveCfg = Debug|Any CPU
		{EEED9DDE-DBCC-4F32-9DF6-D581FBF62FA2}.Debug|Any CPU.Build.0 = Debug|Any CPU
		{EEED9DDE-DBCC-4F32-9DF6-D581FBF62FA2}.Release|Any CPU.ActiveCfg = Release|Any CPU
		{EEED9DDE-DBCC-4F32-9DF6-D581FBF62FA2}.Release|Any CPU.Build.0 = Release|Any CPU
	EndGlobalSection
	GlobalSection(SolutionProperties) = preSolution
		HideSolutionNode = FALSE
	EndGlobalSection
	GlobalSection(ExtensibilityGlobals) = postSolution
		SolutionGuid = {E0E3516E-10D2-423B-A2E7-165CDFBBBB7E}
	EndGlobalSection
EndGlobal
